
Microsoft Visual Studio Solution File, Format Version 12.00
# Visual Studio 15
VisualStudioVersion = 15.0.27428.2043
MinimumVisualStudioVersion = 10.0.40219.1
Project("{FAE04EC0-301F-11D3-BF4B-00C04F79EFBC}") = "StaffRecordAPI", "StaffRecordAPI\StaffRecordAPI.csproj", "{F951BF79-83A1-4428-952E-7FB5EBABA5DD}"
EndProject
Project("{FAE04EC0-301F-11D3-BF4B-00C04F79EFBC}") = "DataAccess", "DataAccess\DataAccess.csproj", "{4709F1A7-6767-46F2-96E5-9F2F6AC1D54B}"
EndProject
Project("{FAE04EC0-301F-11D3-BF4B-00C04F79EFBC}") = "WEBEIS_Repository", "WEBEIS_Repository\WEBEIS_Repository.csproj", "{98708125-B394-496C-82FB-D7635055FC6C}"
EndProject
Project("{FAE04EC0-301F-11D3-BF4B-00C04F79EFBC}") = "WEBEIS_Services", "WEBEIS_Services\WEBEIS_Services.csproj", "{E6F6EEA5-FE06-49AD-B519-90A7FEF212A3}"
EndProject
Project("{FAE04EC0-301F-11D3-BF4B-00C04F79EFBC}") = "WEBEISTTG", "WEBEISTTG\WEBEISTTG.csproj", "{BF9A8B52-6809-475D-AD39-08318FDA942C}"
EndProject
Project("{FAE04EC0-301F-11D3-BF4B-00C04F79EFBC}") = "Service.Hall", "Service.Hall\Service.Hall.csproj", "{6AB13F1E-D7F0-4CCB-8E50-A11F51DB8CE6}"
EndProject
Global
	GlobalSection(SolutionConfigurationPlatforms) = preSolution
		Debug|Any CPU = Debug|Any CPU
		Release|Any CPU = Release|Any CPU
	EndGlobalSection
	GlobalSection(ProjectConfigurationPlatforms) = postSolution
		{F951BF79-83A1-4428-952E-7FB5EBABA5DD}.Debug|Any CPU.ActiveCfg = Debug|Any CPU
		{F951BF79-83A1-4428-952E-7FB5EBABA5DD}.Debug|Any CPU.Build.0 = Debug|Any CPU
		{F951BF79-83A1-4428-952E-7FB5EBABA5DD}.Release|Any CPU.ActiveCfg = Release|Any CPU
		{F951BF79-83A1-4428-952E-7FB5EBABA5DD}.Release|Any CPU.Build.0 = Release|Any CPU
		{4709F1A7-6767-46F2-96E5-9F2F6AC1D54B}.Debug|Any CPU.ActiveCfg = Debug|Any CPU
		{4709F1A7-6767-46F2-96E5-9F2F6AC1D54B}.Debug|Any CPU.Build.0 = Debug|Any CPU
		{4709F1A7-6767-46F2-96E5-9F2F6AC1D54B}.Release|Any CPU.ActiveCfg = Release|Any CPU
		{4709F1A7-6767-46F2-96E5-9F2F6AC1D54B}.Release|Any CPU.Build.0 = Release|Any CPU
		{98708125-B394-496C-82FB-D7635055FC6C}.Debug|Any CPU.ActiveCfg = Debug|Any CPU
		{98708125-B394-496C-82FB-D7635055FC6C}.Debug|Any CPU.Build.0 = Debug|Any CPU
		{98708125-B394-496C-82FB-D7635055FC6C}.Release|Any CPU.ActiveCfg = Release|Any CPU
		{98708125-B394-496C-82FB-D7635055FC6C}.Release|Any CPU.Build.0 = Release|Any CPU
		{E6F6EEA5-FE06-49AD-B519-90A7FEF212A3}.Debug|Any CPU.ActiveCfg = Debug|Any CPU
		{E6F6EEA5-FE06-49AD-B519-90A7FEF212A3}.Debug|Any CPU.Build.0 = Debug|Any CPU
		{E6F6EEA5-FE06-49AD-B519-90A7FEF212A3}.Release|Any CPU.ActiveCfg = Release|Any CPU
		{E6F6EEA5-FE06-49AD-B519-90A7FEF212A3}.Release|Any CPU.Build.0 = Release|Any CPU
		{BF9A8B52-6809-475D-AD39-08318FDA942C}.Debug|Any CPU.ActiveCfg = Debug|Any CPU
		{BF9A8B52-6809-475D-AD39-08318FDA942C}.Debug|Any CPU.Build.0 = Debug|Any CPU
		{BF9A8B52-6809-475D-AD39-08318FDA942C}.Release|Any CPU.ActiveCfg = Release|Any CPU
		{BF9A8B52-6809-475D-AD39-08318FDA942C}.Release|Any CPU.Build.0 = Release|Any CPU
		{6AB13F1E-D7F0-4CCB-8E50-A11F51DB8CE6}.Debug|Any CPU.ActiveCfg = Debug|Any CPU
		{6AB13F1E-D7F0-4CCB-8E50-A11F51DB8CE6}.Debug|Any CPU.Build.0 = Debug|Any CPU
		{6AB13F1E-D7F0-4CCB-8E50-A11F51DB8CE6}.Release|Any CPU.ActiveCfg = Release|Any CPU
		{6AB13F1E-D7F0-4CCB-8E50-A11F51DB8CE6}.Release|Any CPU.Build.0 = Release|Any CPU
	EndGlobalSection
	GlobalSection(SolutionProperties) = preSolution
		HideSolutionNode = FALSE
	EndGlobalSection
	GlobalSection(ExtensibilityGlobals) = postSolution
		SolutionGuid = {0E30F6BF-A112-471F-B52B-14C07E85CB8D}
	EndGlobalSection
EndGlobal
